
Microsoft Visual Studio Solution File, Format Version 12.00
# Visual Studio Version 17
VisualStudioVersion = 17.10.34607.79
MinimumVisualStudioVersion = 10.0.40219.1
Project("{2150E333-8FDC-42A3-9474-1A3956D46DE8}") = "Services", "Services", "{DA3FCEC7-A8E0-4989-A646-49840F25207F}"
EndProject
Project("{2150E333-8FDC-42A3-9474-1A3956D46DE8}") = "Catalog", "Catalog", "{24EE6204-108C-4C5C-941A-3AD9E3351E25}"
EndProject
Project("{9A19103F-16F7-4668-BE54-9A1E7A4F7556}") = "Catalog.API", "src\services\catalog\Catalog.API\Catalog.API.csproj", "{6375F07E-92C3-40CA-BCD0-7BBD526BC0E9}"
EndProject
Project("{9A19103F-16F7-4668-BE54-9A1E7A4F7556}") = "Catalog.Core", "src\services\catalog\Catalog.Core\Catalog.Core.csproj", "{589361DA-D7B6-4AB1-BA5F-7BCE86D34195}"
EndProject
Project("{9A19103F-16F7-4668-BE54-9A1E7A4F7556}") = "Catalog.Application", "src\services\catalog\Catalog.Application\Catalog.Application.csproj", "{51BCD870-6944-48A0-8D9E-0EBFAA0D9380}"
EndProject
Project("{9A19103F-16F7-4668-BE54-9A1E7A4F7556}") = "Catalog.Infrastructure", "src\services\catalog\Catalog.Infrastructure\Catalog.Infrastructure.csproj", "{9415C2F2-6B7F-4D41-979D-E4081A311A7E}"
EndProject
Project("{E53339B2-1760-4266-BCC7-CA923CBCF16C}") = "docker-compose", "docker-compose.dcproj", "{A92412CF-0A07-452C-9DCF-EF3F436F8FA8}"
EndProject
Project("{2150E333-8FDC-42A3-9474-1A3956D46DE8}") = "Basket", "Basket", "{65D2796F-A8D4-4C13-B95F-F13426CEA161}"
EndProject
Project("{9A19103F-16F7-4668-BE54-9A1E7A4F7556}") = "Basket.Application", "src\services\basket\Basket.Application\Basket.Application.csproj", "{83E6E041-899E-4D3E-8A9E-79E4F9FFE762}"
EndProject
Project("{9A19103F-16F7-4668-BE54-9A1E7A4F7556}") = "Basket.Core", "src\services\basket\Basket.Core\Basket.Core.csproj", "{34F11523-772F-4847-AE22-C99139B2274C}"
EndProject
Project("{9A19103F-16F7-4668-BE54-9A1E7A4F7556}") = "Basket.Infrastructure", "src\services\basket\Basket.Infrastructure\Basket.Infrastructure.csproj", "{37D033EC-9BF2-4C4A-AE19-4A58D0C7D567}"
EndProject
Project("{9A19103F-16F7-4668-BE54-9A1E7A4F7556}") = "Basket.API", "src\services\basket\Basket.API\Basket.API.csproj", "{BE757FDB-FA40-4EDE-97F9-CF5A51FAE865}"
EndProject
Project("{2150E333-8FDC-42A3-9474-1A3956D46DE8}") = "Discount", "Discount", "{4E789B69-927C-4C92-9604-685082C75C5D}"
EndProject
Project("{FAE04EC0-301F-11D3-BF4B-00C04F79EFBC}") = "Discount.API", "src\services\discount\Discount.API\Discount.API.csproj", "{CED47B52-E056-4451-A6B1-1C56C77B7610}"
EndProject
Project("{FAE04EC0-301F-11D3-BF4B-00C04F79EFBC}") = "Discount.Application", "src\services\discount\Discount.Application\Discount.Application.csproj", "{C253AF0D-B0A1-4B81-BF92-B8033009009F}"
EndProject
Project("{FAE04EC0-301F-11D3-BF4B-00C04F79EFBC}") = "Discount.Core", "src\services\discount\Discount.Core\Discount.Core.csproj", "{2CCD74F7-4874-474E-B387-54C6EF325DFB}"
EndProject
Project("{FAE04EC0-301F-11D3-BF4B-00C04F79EFBC}") = "Discount.Infrastructure", "src\services\discount\Discount.Infrastructure\Discount.Infrastructure.csproj", "{9E35F11B-908F-4573-BCB0-E45B1E81440C}"
EndProject
Global
	GlobalSection(SolutionConfigurationPlatforms) = preSolution
		Debug|Any CPU = Debug|Any CPU
		Release|Any CPU = Release|Any CPU
	EndGlobalSection
	GlobalSection(ProjectConfigurationPlatforms) = postSolution
		{6375F07E-92C3-40CA-BCD0-7BBD526BC0E9}.Debug|Any CPU.ActiveCfg = Debug|Any CPU
		{6375F07E-92C3-40CA-BCD0-7BBD526BC0E9}.Debug|Any CPU.Build.0 = Debug|Any CPU
		{6375F07E-92C3-40CA-BCD0-7BBD526BC0E9}.Release|Any CPU.ActiveCfg = Release|Any CPU
		{6375F07E-92C3-40CA-BCD0-7BBD526BC0E9}.Release|Any CPU.Build.0 = Release|Any CPU
		{589361DA-D7B6-4AB1-BA5F-7BCE86D34195}.Debug|Any CPU.ActiveCfg = Debug|Any CPU
		{589361DA-D7B6-4AB1-BA5F-7BCE86D34195}.Debug|Any CPU.Build.0 = Debug|Any CPU
		{589361DA-D7B6-4AB1-BA5F-7BCE86D34195}.Release|Any CPU.ActiveCfg = Release|Any CPU
		{589361DA-D7B6-4AB1-BA5F-7BCE86D34195}.Release|Any CPU.Build.0 = Release|Any CPU
		{51BCD870-6944-48A0-8D9E-0EBFAA0D9380}.Debug|Any CPU.ActiveCfg = Debug|Any CPU
		{51BCD870-6944-48A0-8D9E-0EBFAA0D9380}.Debug|Any CPU.Build.0 = Debug|Any CPU
		{51BCD870-6944-48A0-8D9E-0EBFAA0D9380}.Release|Any CPU.ActiveCfg = Release|Any CPU
		{51BCD870-6944-48A0-8D9E-0EBFAA0D9380}.Release|Any CPU.Build.0 = Release|Any CPU
		{9415C2F2-6B7F-4D41-979D-E4081A311A7E}.Debug|Any CPU.ActiveCfg = Debug|Any CPU
		{9415C2F2-6B7F-4D41-979D-E4081A311A7E}.Debug|Any CPU.Build.0 = Debug|Any CPU
		{9415C2F2-6B7F-4D41-979D-E4081A311A7E}.Release|Any CPU.ActiveCfg = Release|Any CPU
		{9415C2F2-6B7F-4D41-979D-E4081A311A7E}.Release|Any CPU.Build.0 = Release|Any CPU
		{A92412CF-0A07-452C-9DCF-EF3F436F8FA8}.Debug|Any CPU.ActiveCfg = Debug|Any CPU
		{A92412CF-0A07-452C-9DCF-EF3F436F8FA8}.Debug|Any CPU.Build.0 = Debug|Any CPU
		{A92412CF-0A07-452C-9DCF-EF3F436F8FA8}.Release|Any CPU.ActiveCfg = Release|Any CPU
		{A92412CF-0A07-452C-9DCF-EF3F436F8FA8}.Release|Any CPU.Build.0 = Release|Any CPU
		{83E6E041-899E-4D3E-8A9E-79E4F9FFE762}.Debug|Any CPU.ActiveCfg = Debug|Any CPU
		{83E6E041-899E-4D3E-8A9E-79E4F9FFE762}.Debug|Any CPU.Build.0 = Debug|Any CPU
		{83E6E041-899E-4D3E-8A9E-79E4F9FFE762}.Release|Any CPU.ActiveCfg = Release|Any CPU
		{83E6E041-899E-4D3E-8A9E-79E4F9FFE762}.Release|Any CPU.Build.0 = Release|Any CPU
		{34F11523-772F-4847-AE22-C99139B2274C}.Debug|Any CPU.ActiveCfg = Debug|Any CPU
		{34F11523-772F-4847-AE22-C99139B2274C}.Debug|Any CPU.Build.0 = Debug|Any CPU
		{34F11523-772F-4847-AE22-C99139B2274C}.Release|Any CPU.ActiveCfg = Release|Any CPU
		{34F11523-772F-4847-AE22-C99139B2274C}.Release|Any CPU.Build.0 = Release|Any CPU
		{37D033EC-9BF2-4C4A-AE19-4A58D0C7D567}.Debug|Any CPU.ActiveCfg = Debug|Any CPU
		{37D033EC-9BF2-4C4A-AE19-4A58D0C7D567}.Debug|Any CPU.Build.0 = Debug|Any CPU
		{37D033EC-9BF2-4C4A-AE19-4A58D0C7D567}.Release|Any CPU.ActiveCfg = Release|Any CPU
		{37D033EC-9BF2-4C4A-AE19-4A58D0C7D567}.Release|Any CPU.Build.0 = Release|Any CPU
		{BE757FDB-FA40-4EDE-97F9-CF5A51FAE865}.Debug|Any CPU.ActiveCfg = Debug|Any CPU
		{BE757FDB-FA40-4EDE-97F9-CF5A51FAE865}.Debug|Any CPU.Build.0 = Debug|Any CPU
		{BE757FDB-FA40-4EDE-97F9-CF5A51FAE865}.Release|Any CPU.ActiveCfg = Release|Any CPU
		{BE757FDB-FA40-4EDE-97F9-CF5A51FAE865}.Release|Any CPU.Build.0 = Release|Any CPU
		{CED47B52-E056-4451-A6B1-1C56C77B7610}.Debug|Any CPU.ActiveCfg = Debug|Any CPU
		{CED47B52-E056-4451-A6B1-1C56C77B7610}.Debug|Any CPU.Build.0 = Debug|Any CPU
		{CED47B52-E056-4451-A6B1-1C56C77B7610}.Release|Any CPU.ActiveCfg = Release|Any CPU
		{CED47B52-E056-4451-A6B1-1C56C77B7610}.Release|Any CPU.Build.0 = Release|Any CPU
		{C253AF0D-B0A1-4B81-BF92-B8033009009F}.Debug|Any CPU.ActiveCfg = Debug|Any CPU
		{C253AF0D-B0A1-4B81-BF92-B8033009009F}.Debug|Any CPU.Build.0 = Debug|Any CPU
		{C253AF0D-B0A1-4B81-BF92-B8033009009F}.Release|Any CPU.ActiveCfg = Release|Any CPU
		{C253AF0D-B0A1-4B81-BF92-B8033009009F}.Release|Any CPU.Build.0 = Release|Any CPU
		{2CCD74F7-4874-474E-B387-54C6EF325DFB}.Debug|Any CPU.ActiveCfg = Debug|Any CPU
		{2CCD74F7-4874-474E-B387-54C6EF325DFB}.Debug|Any CPU.Build.0 = Debug|Any CPU
		{2CCD74F7-4874-474E-B387-54C6EF325DFB}.Release|Any CPU.ActiveCfg = Release|Any CPU
		{2CCD74F7-4874-474E-B387-54C6EF325DFB}.Release|Any CPU.Build.0 = Release|Any CPU
		{9E35F11B-908F-4573-BCB0-E45B1E81440C}.Debug|Any CPU.ActiveCfg = Debug|Any CPU
		{9E35F11B-908F-4573-BCB0-E45B1E81440C}.Debug|Any CPU.Build.0 = Debug|Any CPU
		{9E35F11B-908F-4573-BCB0-E45B1E81440C}.Release|Any CPU.ActiveCfg = Release|Any CPU
		{9E35F11B-908F-4573-BCB0-E45B1E81440C}.Release|Any CPU.Build.0 = Release|Any CPU
	EndGlobalSection
	GlobalSection(SolutionProperties) = preSolution
		HideSolutionNode = FALSE
	EndGlobalSection
	GlobalSection(NestedProjects) = preSolution
		{24EE6204-108C-4C5C-941A-3AD9E3351E25} = {DA3FCEC7-A8E0-4989-A646-49840F25207F}
		{6375F07E-92C3-40CA-BCD0-7BBD526BC0E9} = {24EE6204-108C-4C5C-941A-3AD9E3351E25}
		{589361DA-D7B6-4AB1-BA5F-7BCE86D34195} = {24EE6204-108C-4C5C-941A-3AD9E3351E25}
		{51BCD870-6944-48A0-8D9E-0EBFAA0D9380} = {24EE6204-108C-4C5C-941A-3AD9E3351E25}
		{9415C2F2-6B7F-4D41-979D-E4081A311A7E} = {24EE6204-108C-4C5C-941A-3AD9E3351E25}
		{65D2796F-A8D4-4C13-B95F-F13426CEA161} = {DA3FCEC7-A8E0-4989-A646-49840F25207F}
		{83E6E041-899E-4D3E-8A9E-79E4F9FFE762} = {65D2796F-A8D4-4C13-B95F-F13426CEA161}
		{34F11523-772F-4847-AE22-C99139B2274C} = {65D2796F-A8D4-4C13-B95F-F13426CEA161}
		{37D033EC-9BF2-4C4A-AE19-4A58D0C7D567} = {65D2796F-A8D4-4C13-B95F-F13426CEA161}
		{BE757FDB-FA40-4EDE-97F9-CF5A51FAE865} = {65D2796F-A8D4-4C13-B95F-F13426CEA161}
		{4E789B69-927C-4C92-9604-685082C75C5D} = {DA3FCEC7-A8E0-4989-A646-49840F25207F}
		{CED47B52-E056-4451-A6B1-1C56C77B7610} = {4E789B69-927C-4C92-9604-685082C75C5D}
		{C253AF0D-B0A1-4B81-BF92-B8033009009F} = {4E789B69-927C-4C92-9604-685082C75C5D}
		{2CCD74F7-4874-474E-B387-54C6EF325DFB} = {4E789B69-927C-4C92-9604-685082C75C5D}
		{9E35F11B-908F-4573-BCB0-E45B1E81440C} = {4E789B69-927C-4C92-9604-685082C75C5D}
	EndGlobalSection
EndGlobal
