
Microsoft Visual Studio Solution File, Format Version 12.00
#
Project("{2150E333-8FDC-42A3-9474-1A3956D46DE8}") = "Services", "Services", "{DA3FCEC7-A8E0-4989-A646-49840F25207F}"
EndProject
Project("{2150E333-8FDC-42A3-9474-1A3956D46DE8}") = "Catalog", "Catalog", "{24EE6204-108C-4C5C-941A-3AD9E3351E25}"
EndProject
Project("{FAE04EC0-301F-11D3-BF4B-00C04F79EFBC}") = "Catalog.API", "src\services\catalog\Catalog.API\Catalog.API.csproj", "{6375F07E-92C3-40CA-BCD0-7BBD526BC0E9}"
EndProject
Project("{FAE04EC0-301F-11D3-BF4B-00C04F79EFBC}") = "Catalog.Core", "src\services\catalog\Catalog.Core\Catalog.Core.csproj", "{589361DA-D7B6-4AB1-BA5F-7BCE86D34195}"
EndProject
Project("{FAE04EC0-301F-11D3-BF4B-00C04F79EFBC}") = "Catalog.Application", "src\services\catalog\Catalog.Application\Catalog.Application.csproj", "{51BCD870-6944-48A0-8D9E-0EBFAA0D9380}"
EndProject
Project("{FAE04EC0-301F-11D3-BF4B-00C04F79EFBC}") = "Catalog.Infrastructure", "src\services\catalog\Catalog.Infrastructure\Catalog.Infrastructure.csproj", "{9415C2F2-6B7F-4D41-979D-E4081A311A7E}"
EndProject
Project("{E53339B2-1760-4266-BCC7-CA923CBCF16C}") = "docker-compose", "docker-compose.dcproj", "{A92412CF-0A07-452C-9DCF-EF3F436F8FA8}"
EndProject
Project("{2150E333-8FDC-42A3-9474-1A3956D46DE8}") = "Basket", "Basket", "{65D2796F-A8D4-4C13-B95F-F13426CEA161}"
EndProject
Project("{FAE04EC0-301F-11D3-BF4B-00C04F79EFBC}") = "Basket.Application", "src\services\basket\Basket.Application\Basket.Application.csproj", "{83E6E041-899E-4D3E-8A9E-79E4F9FFE762}"
EndProject
Project("{FAE04EC0-301F-11D3-BF4B-00C04F79EFBC}") = "Basket.Core", "src\services\basket\Basket.Core\Basket.Core.csproj", "{34F11523-772F-4847-AE22-C99139B2274C}"
EndProject
Project("{FAE04EC0-301F-11D3-BF4B-00C04F79EFBC}") = "Basket.Infrastructure", "src\services\basket\Basket.Infrastructure\Basket.Infrastructure.csproj", "{37D033EC-9BF2-4C4A-AE19-4A58D0C7D567}"
EndProject
Project("{FAE04EC0-301F-11D3-BF4B-00C04F79EFBC}") = "Basket.API", "src\services\basket\Basket.API\Basket.API.csproj", "{BE757FDB-FA40-4EDE-97F9-CF5A51FAE865}"
EndProject
Global
	GlobalSection(SolutionConfigurationPlatforms) = preSolution
		Debug|Any CPU = Debug|Any CPU
		Release|Any CPU = Release|Any CPU
	EndGlobalSection
	GlobalSection(NestedProjects) = preSolution
		{24EE6204-108C-4C5C-941A-3AD9E3351E25} = {DA3FCEC7-A8E0-4989-A646-49840F25207F}
		{6375F07E-92C3-40CA-BCD0-7BBD526BC0E9} = {24EE6204-108C-4C5C-941A-3AD9E3351E25}
		{589361DA-D7B6-4AB1-BA5F-7BCE86D34195} = {24EE6204-108C-4C5C-941A-3AD9E3351E25}
		{51BCD870-6944-48A0-8D9E-0EBFAA0D9380} = {24EE6204-108C-4C5C-941A-3AD9E3351E25}
		{9415C2F2-6B7F-4D41-979D-E4081A311A7E} = {24EE6204-108C-4C5C-941A-3AD9E3351E25}
		{65D2796F-A8D4-4C13-B95F-F13426CEA161} = {DA3FCEC7-A8E0-4989-A646-49840F25207F}
		{4EC29DE9-3CD3-47AC-82C6-1C102E0B504D} = {65D2796F-A8D4-4C13-B95F-F13426CEA161}
		{C8BD5F6A-028D-430B-9659-B2914EC6F770} = {699CC70C-F048-4013-A39A-C0BC75D93492}
		{D0EE2F6B-81D2-40E6-8B3F-652BF386BB75} = {C8BD5F6A-028D-430B-9659-B2914EC6F770}
		{83E6E041-899E-4D3E-8A9E-79E4F9FFE762} = {65D2796F-A8D4-4C13-B95F-F13426CEA161}
		{34F11523-772F-4847-AE22-C99139B2274C} = {65D2796F-A8D4-4C13-B95F-F13426CEA161}
		{37D033EC-9BF2-4C4A-AE19-4A58D0C7D567} = {65D2796F-A8D4-4C13-B95F-F13426CEA161}
		{BE757FDB-FA40-4EDE-97F9-CF5A51FAE865} = {65D2796F-A8D4-4C13-B95F-F13426CEA161}
	EndGlobalSection
	GlobalSection(ProjectConfigurationPlatforms) = postSolution
		{6375F07E-92C3-40CA-BCD0-7BBD526BC0E9}.Debug|Any CPU.ActiveCfg = Debug|Any CPU
		{6375F07E-92C3-40CA-BCD0-7BBD526BC0E9}.Debug|Any CPU.Build.0 = Debug|Any CPU
		{6375F07E-92C3-40CA-BCD0-7BBD526BC0E9}.Release|Any CPU.ActiveCfg = Release|Any CPU
		{6375F07E-92C3-40CA-BCD0-7BBD526BC0E9}.Release|Any CPU.Build.0 = Release|Any CPU
		{589361DA-D7B6-4AB1-BA5F-7BCE86D34195}.Debug|Any CPU.ActiveCfg = Debug|Any CPU
		{589361DA-D7B6-4AB1-BA5F-7BCE86D34195}.Debug|Any CPU.Build.0 = Debug|Any CPU
		{589361DA-D7B6-4AB1-BA5F-7BCE86D34195}.Release|Any CPU.ActiveCfg = Release|Any CPU
		{589361DA-D7B6-4AB1-BA5F-7BCE86D34195}.Release|Any CPU.Build.0 = Release|Any CPU
		{51BCD870-6944-48A0-8D9E-0EBFAA0D9380}.Debug|Any CPU.ActiveCfg = Debug|Any CPU
		{51BCD870-6944-48A0-8D9E-0EBFAA0D9380}.Debug|Any CPU.Build.0 = Debug|Any CPU
		{51BCD870-6944-48A0-8D9E-0EBFAA0D9380}.Release|Any CPU.ActiveCfg = Release|Any CPU
		{51BCD870-6944-48A0-8D9E-0EBFAA0D9380}.Release|Any CPU.Build.0 = Release|Any CPU
		{9415C2F2-6B7F-4D41-979D-E4081A311A7E}.Debug|Any CPU.ActiveCfg = Debug|Any CPU
		{9415C2F2-6B7F-4D41-979D-E4081A311A7E}.Debug|Any CPU.Build.0 = Debug|Any CPU
		{9415C2F2-6B7F-4D41-979D-E4081A311A7E}.Release|Any CPU.ActiveCfg = Release|Any CPU
		{9415C2F2-6B7F-4D41-979D-E4081A311A7E}.Release|Any CPU.Build.0 = Release|Any CPU
		{4EC29DE9-3CD3-47AC-82C6-1C102E0B504D}.Debug|Any CPU.ActiveCfg = Debug|Any CPU
		{4EC29DE9-3CD3-47AC-82C6-1C102E0B504D}.Debug|Any CPU.Build.0 = Debug|Any CPU
		{4EC29DE9-3CD3-47AC-82C6-1C102E0B504D}.Release|Any CPU.ActiveCfg = Release|Any CPU
		{4EC29DE9-3CD3-47AC-82C6-1C102E0B504D}.Release|Any CPU.Build.0 = Release|Any CPU
		{83E6E041-899E-4D3E-8A9E-79E4F9FFE762}.Debug|Any CPU.ActiveCfg = Debug|Any CPU
		{83E6E041-899E-4D3E-8A9E-79E4F9FFE762}.Debug|Any CPU.Build.0 = Debug|Any CPU
		{83E6E041-899E-4D3E-8A9E-79E4F9FFE762}.Release|Any CPU.ActiveCfg = Release|Any CPU
		{83E6E041-899E-4D3E-8A9E-79E4F9FFE762}.Release|Any CPU.Build.0 = Release|Any CPU
		{34F11523-772F-4847-AE22-C99139B2274C}.Debug|Any CPU.ActiveCfg = Debug|Any CPU
		{34F11523-772F-4847-AE22-C99139B2274C}.Debug|Any CPU.Build.0 = Debug|Any CPU
		{34F11523-772F-4847-AE22-C99139B2274C}.Release|Any CPU.ActiveCfg = Release|Any CPU
		{34F11523-772F-4847-AE22-C99139B2274C}.Release|Any CPU.Build.0 = Release|Any CPU
		{37D033EC-9BF2-4C4A-AE19-4A58D0C7D567}.Debug|Any CPU.ActiveCfg = Debug|Any CPU
		{37D033EC-9BF2-4C4A-AE19-4A58D0C7D567}.Debug|Any CPU.Build.0 = Debug|Any CPU
		{37D033EC-9BF2-4C4A-AE19-4A58D0C7D567}.Release|Any CPU.ActiveCfg = Release|Any CPU
		{37D033EC-9BF2-4C4A-AE19-4A58D0C7D567}.Release|Any CPU.Build.0 = Release|Any CPU
		{BE757FDB-FA40-4EDE-97F9-CF5A51FAE865}.Debug|Any CPU.ActiveCfg = Debug|Any CPU
		{BE757FDB-FA40-4EDE-97F9-CF5A51FAE865}.Debug|Any CPU.Build.0 = Debug|Any CPU
		{BE757FDB-FA40-4EDE-97F9-CF5A51FAE865}.Release|Any CPU.ActiveCfg = Release|Any CPU
		{BE757FDB-FA40-4EDE-97F9-CF5A51FAE865}.Release|Any CPU.Build.0 = Release|Any CPU
	EndGlobalSection
EndGlobal
